
Microsoft Visual Studio Solution File, Format Version 12.00
# Visual Studio 15
VisualStudioVersion = 15.0.27205.2004
MinimumVisualStudioVersion = 10.0.40219.1
Project("{FAE04EC0-301F-11D3-BF4B-00C04F79EFBC}") = "EF21-tools-repro", "EF21-tools-repro\EF21-tools-repro.csproj", "{4209FAA3-1C3F-45DE-B97B-E0BB0DADB842}"
EndProject
Global
	GlobalSection(SolutionConfigurationPlatforms) = preSolution
		Debug|Any CPU = Debug|Any CPU
		Release|Any CPU = Release|Any CPU
	EndGlobalSection
	GlobalSection(ProjectConfigurationPlatforms) = postSolution
		{4209FAA3-1C3F-45DE-B97B-E0BB0DADB842}.Debug|Any CPU.ActiveCfg = Debug|Any CPU
		{4209FAA3-1C3F-45DE-B97B-E0BB0DADB842}.Debug|Any CPU.Build.0 = Debug|Any CPU
		{4209FAA3-1C3F-45DE-B97B-E0BB0DADB842}.Release|Any CPU.ActiveCfg = Release|Any CPU
		{4209FAA3-1C3F-45DE-B97B-E0BB0DADB842}.Release|Any CPU.Build.0 = Release|Any CPU
	EndGlobalSection
	GlobalSection(SolutionProperties) = preSolution
		HideSolutionNode = FALSE
	EndGlobalSection
	GlobalSection(ExtensibilityGlobals) = postSolution
		SolutionGuid = {66F73C23-12E6-4165-9844-11D668AEF1AD}
	EndGlobalSection
EndGlobal
